
Microsoft Visual Studio Solution File, Format Version 12.00
# Visual Studio 14
VisualStudioVersion = 14.0.25123.0
MinimumVisualStudioVersion = 10.0.40219.1
Project("{2150E333-8FDC-42A3-9474-1A3956D46DE8}") = "UI", "UI", "{7DDB7076-54A3-4275-9311-A09E4DE6C4CE}"
EndProject
Project("{2150E333-8FDC-42A3-9474-1A3956D46DE8}") = "Model", "Model", "{661D623E-5AD3-405E-A02C-E91DA3C6CF56}"
EndProject
Project("{2150E333-8FDC-42A3-9474-1A3956D46DE8}") = "DataCenter", "DataCenter", "{BE5A753C-0CBA-47F5-975D-F2BE4EDC1817}"
EndProject
Project("{2150E333-8FDC-42A3-9474-1A3956D46DE8}") = "Service", "Service", "{AD7164E3-755D-4A1D-BBF5-FC01027D70EB}"
EndProject
Project("{2150E333-8FDC-42A3-9474-1A3956D46DE8}") = "Common", "Common", "{394961BF-31D7-4B5D-8BB3-020613685A51}"
EndProject
Project("{FAE04EC0-301F-11D3-BF4B-00C04F79EFBC}") = "Demo.Common", "Common\Demo.Common\Demo.Common.csproj", "{92778E2F-8AB5-428E-AC8F-4235129A64BB}"
EndProject
Project("{FAE04EC0-301F-11D3-BF4B-00C04F79EFBC}") = "Demo.Common.Redis", "Common\Demo.Common.Redis\Demo.Common.Redis.csproj", "{2ABF016C-48A1-4497-B822-439D448F4C50}"
EndProject
Project("{FAE04EC0-301F-11D3-BF4B-00C04F79EFBC}") = "Demo.Common.Mvc", "Common\Demo.Common.Mvc\Demo.Common.Mvc.csproj", "{0BF0F516-CA8B-4AFA-BF71-CF4000EC8E42}"
EndProject
Project("{FAE04EC0-301F-11D3-BF4B-00C04F79EFBC}") = "Demo.DataCenter.EF", "DataCenter\Demo.DataCenter.EF\Demo.DataCenter.EF.csproj", "{42E198E6-CE7D-4D1A-A225-7AC049EDABB8}"
EndProject
Project("{FAE04EC0-301F-11D3-BF4B-00C04F79EFBC}") = "Demo.Model", "Model\Demo.Model\Demo.Model.csproj", "{C3BD0CF9-09AE-4789-9B89-B6CBACFDB564}"
EndProject
Project("{FAE04EC0-301F-11D3-BF4B-00C04F79EFBC}") = "Demo.Service.Interface", "Service\Demo.Service.Interface\Demo.Service.Interface.csproj", "{9A1DC39E-0C62-4CEE-A64A-0F61DAA3B0CA}"
EndProject
Project("{FAE04EC0-301F-11D3-BF4B-00C04F79EFBC}") = "Demo.Service", "Service\Demo.Service\Demo.Service.csproj", "{87AD6039-F008-41EB-A081-1324F8FED9EB}"
EndProject
Project("{FAE04EC0-301F-11D3-BF4B-00C04F79EFBC}") = "Demo.Console", "UI\Demo.Console\Demo.Console.csproj", "{09F40FDF-8BF5-4DCD-B463-D58CE97800E8}"
EndProject
Project("{FAE04EC0-301F-11D3-BF4B-00C04F79EFBC}") = "Demo.Mvc", "UI\Demo.Mvc\Demo.Mvc.csproj", "{4458E661-1AF6-45BD-9B1F-286478218669}"
EndProject
Global
	GlobalSection(SolutionConfigurationPlatforms) = preSolution
		Debug|Any CPU = Debug|Any CPU
		Release|Any CPU = Release|Any CPU
	EndGlobalSection
	GlobalSection(ProjectConfigurationPlatforms) = postSolution
		{92778E2F-8AB5-428E-AC8F-4235129A64BB}.Debug|Any CPU.ActiveCfg = Debug|Any CPU
		{92778E2F-8AB5-428E-AC8F-4235129A64BB}.Debug|Any CPU.Build.0 = Debug|Any CPU
		{92778E2F-8AB5-428E-AC8F-4235129A64BB}.Release|Any CPU.ActiveCfg = Release|Any CPU
		{92778E2F-8AB5-428E-AC8F-4235129A64BB}.Release|Any CPU.Build.0 = Release|Any CPU
		{2ABF016C-48A1-4497-B822-439D448F4C50}.Debug|Any CPU.ActiveCfg = Debug|Any CPU
		{2ABF016C-48A1-4497-B822-439D448F4C50}.Debug|Any CPU.Build.0 = Debug|Any CPU
		{2ABF016C-48A1-4497-B822-439D448F4C50}.Release|Any CPU.ActiveCfg = Release|Any CPU
		{2ABF016C-48A1-4497-B822-439D448F4C50}.Release|Any CPU.Build.0 = Release|Any CPU
		{0BF0F516-CA8B-4AFA-BF71-CF4000EC8E42}.Debug|Any CPU.ActiveCfg = Debug|Any CPU
		{0BF0F516-CA8B-4AFA-BF71-CF4000EC8E42}.Debug|Any CPU.Build.0 = Debug|Any CPU
		{0BF0F516-CA8B-4AFA-BF71-CF4000EC8E42}.Release|Any CPU.ActiveCfg = Release|Any CPU
		{0BF0F516-CA8B-4AFA-BF71-CF4000EC8E42}.Release|Any CPU.Build.0 = Release|Any CPU
		{42E198E6-CE7D-4D1A-A225-7AC049EDABB8}.Debug|Any CPU.ActiveCfg = Debug|Any CPU
		{42E198E6-CE7D-4D1A-A225-7AC049EDABB8}.Debug|Any CPU.Build.0 = Debug|Any CPU
		{42E198E6-CE7D-4D1A-A225-7AC049EDABB8}.Release|Any CPU.ActiveCfg = Release|Any CPU
		{42E198E6-CE7D-4D1A-A225-7AC049EDABB8}.Release|Any CPU.Build.0 = Release|Any CPU
		{C3BD0CF9-09AE-4789-9B89-B6CBACFDB564}.Debug|Any CPU.ActiveCfg = Debug|Any CPU
		{C3BD0CF9-09AE-4789-9B89-B6CBACFDB564}.Debug|Any CPU.Build.0 = Debug|Any CPU
		{C3BD0CF9-09AE-4789-9B89-B6CBACFDB564}.Release|Any CPU.ActiveCfg = Release|Any CPU
		{C3BD0CF9-09AE-4789-9B89-B6CBACFDB564}.Release|Any CPU.Build.0 = Release|Any CPU
		{9A1DC39E-0C62-4CEE-A64A-0F61DAA3B0CA}.Debug|Any CPU.ActiveCfg = Debug|Any CPU
		{9A1DC39E-0C62-4CEE-A64A-0F61DAA3B0CA}.Debug|Any CPU.Build.0 = Debug|Any CPU
		{9A1DC39E-0C62-4CEE-A64A-0F61DAA3B0CA}.Release|Any CPU.ActiveCfg = Release|Any CPU
		{9A1DC39E-0C62-4CEE-A64A-0F61DAA3B0CA}.Release|Any CPU.Build.0 = Release|Any CPU
		{87AD6039-F008-41EB-A081-1324F8FED9EB}.Debug|Any CPU.ActiveCfg = Debug|Any CPU
		{87AD6039-F008-41EB-A081-1324F8FED9EB}.Debug|Any CPU.Build.0 = Debug|Any CPU
		{87AD6039-F008-41EB-A081-1324F8FED9EB}.Release|Any CPU.ActiveCfg = Release|Any CPU
		{87AD6039-F008-41EB-A081-1324F8FED9EB}.Release|Any CPU.Build.0 = Release|Any CPU
		{09F40FDF-8BF5-4DCD-B463-D58CE97800E8}.Debug|Any CPU.ActiveCfg = Debug|Any CPU
		{09F40FDF-8BF5-4DCD-B463-D58CE97800E8}.Debug|Any CPU.Build.0 = Debug|Any CPU
		{09F40FDF-8BF5-4DCD-B463-D58CE97800E8}.Release|Any CPU.ActiveCfg = Release|Any CPU
		{09F40FDF-8BF5-4DCD-B463-D58CE97800E8}.Release|Any CPU.Build.0 = Release|Any CPU
		{4458E661-1AF6-45BD-9B1F-286478218669}.Debug|Any CPU.ActiveCfg = Debug|Any CPU
		{4458E661-1AF6-45BD-9B1F-286478218669}.Debug|Any CPU.Build.0 = Debug|Any CPU
		{4458E661-1AF6-45BD-9B1F-286478218669}.Release|Any CPU.ActiveCfg = Release|Any CPU
		{4458E661-1AF6-45BD-9B1F-286478218669}.Release|Any CPU.Build.0 = Release|Any CPU
	EndGlobalSection
	GlobalSection(SolutionProperties) = preSolution
		HideSolutionNode = FALSE
	EndGlobalSection
	GlobalSection(NestedProjects) = preSolution
		{92778E2F-8AB5-428E-AC8F-4235129A64BB} = {394961BF-31D7-4B5D-8BB3-020613685A51}
		{2ABF016C-48A1-4497-B822-439D448F4C50} = {394961BF-31D7-4B5D-8BB3-020613685A51}
		{0BF0F516-CA8B-4AFA-BF71-CF4000EC8E42} = {394961BF-31D7-4B5D-8BB3-020613685A51}
		{42E198E6-CE7D-4D1A-A225-7AC049EDABB8} = {BE5A753C-0CBA-47F5-975D-F2BE4EDC1817}
		{C3BD0CF9-09AE-4789-9B89-B6CBACFDB564} = {661D623E-5AD3-405E-A02C-E91DA3C6CF56}
		{9A1DC39E-0C62-4CEE-A64A-0F61DAA3B0CA} = {AD7164E3-755D-4A1D-BBF5-FC01027D70EB}
		{87AD6039-F008-41EB-A081-1324F8FED9EB} = {AD7164E3-755D-4A1D-BBF5-FC01027D70EB}
		{09F40FDF-8BF5-4DCD-B463-D58CE97800E8} = {7DDB7076-54A3-4275-9311-A09E4DE6C4CE}
		{4458E661-1AF6-45BD-9B1F-286478218669} = {7DDB7076-54A3-4275-9311-A09E4DE6C4CE}
	EndGlobalSection
EndGlobal
