
Microsoft Visual Studio Solution File, Format Version 12.00
# Visual Studio 14
VisualStudioVersion = 14.0.25420.1
MinimumVisualStudioVersion = 10.0.40219.1
Project("{2150E333-8FDC-42A3-9474-1A3956D46DE8}") = "UI", "UI", "{7DDB7076-54A3-4275-9311-A09E4DE6C4CE}"
EndProject
Project("{2150E333-8FDC-42A3-9474-1A3956D46DE8}") = "Model", "Model", "{661D623E-5AD3-405E-A02C-E91DA3C6CF56}"
EndProject
Project("{2150E333-8FDC-42A3-9474-1A3956D46DE8}") = "DataCenter", "DataCenter", "{BE5A753C-0CBA-47F5-975D-F2BE4EDC1817}"
EndProject
Project("{2150E333-8FDC-42A3-9474-1A3956D46DE8}") = "Service", "Service", "{AD7164E3-755D-4A1D-BBF5-FC01027D70EB}"
EndProject
Project("{2150E333-8FDC-42A3-9474-1A3956D46DE8}") = "Common", "Common", "{394961BF-31D7-4B5D-8BB3-020613685A51}"
EndProject
Project("{FAE04EC0-301F-11D3-BF4B-00C04F79EFBC}") = "Demo.Common", "Common\Demo.Common\Demo.Common.csproj", "{92778E2F-8AB5-428E-AC8F-4235129A64BB}"
EndProject
Project("{FAE04EC0-301F-11D3-BF4B-00C04F79EFBC}") = "Demo.Common.Redis", "Common\Demo.Common.Redis\Demo.Common.Redis.csproj", "{2ABF016C-48A1-4497-B822-439D448F4C50}"
EndProject
Project("{FAE04EC0-301F-11D3-BF4B-00C04F79EFBC}") = "Demo.DataCenter.EF", "DataCenter\Demo.DataCenter.EF\Demo.DataCenter.EF.csproj", "{42E198E6-CE7D-4D1A-A225-7AC049EDABB8}"
EndProject
Project("{FAE04EC0-301F-11D3-BF4B-00C04F79EFBC}") = "Demo.Model", "Model\Demo.Model\Demo.Model.csproj", "{C3BD0CF9-09AE-4789-9B89-B6CBACFDB564}"
EndProject
Project("{FAE04EC0-301F-11D3-BF4B-00C04F79EFBC}") = "Demo.Service.Interface", "Service\Demo.Service.Interface\Demo.Service.Interface.csproj", "{9A1DC39E-0C62-4CEE-A64A-0F61DAA3B0CA}"
EndProject
Project("{FAE04EC0-301F-11D3-BF4B-00C04F79EFBC}") = "Demo.Service", "Service\Demo.Service\Demo.Service.csproj", "{87AD6039-F008-41EB-A081-1324F8FED9EB}"
EndProject
Project("{FAE04EC0-301F-11D3-BF4B-00C04F79EFBC}") = "Demo.Console", "UI\Demo.Console\Demo.Console.csproj", "{09F40FDF-8BF5-4DCD-B463-D58CE97800E8}"
EndProject
Project("{FAE04EC0-301F-11D3-BF4B-00C04F79EFBC}") = "Demo.Mvc", "UI\Demo.Mvc\Demo.Mvc.csproj", "{4458E661-1AF6-45BD-9B1F-286478218669}"
EndProject
Project("{FAE04EC0-301F-11D3-BF4B-00C04F79EFBC}") = "Demo.DataCenter.Dapper", "DataCenter\Demo.DataCenter.Dapper\Demo.DataCenter.Dapper.csproj", "{7870EF34-F2A2-4761-A27B-9404853844C0}"
EndProject
Project("{FAE04EC0-301F-11D3-BF4B-00C04F79EFBC}") = "Demo.Service.Dapper", "Service\Demo.Service.Dapper\Demo.Service.Dapper.csproj", "{543E4FD4-B3BA-40FA-BC34-0A9FC3D1747A}"
EndProject
Project("{2150E333-8FDC-42A3-9474-1A3956D46DE8}") = "Core", "Core", "{2A113D40-4863-4B07-A079-002AE7F44A0B}"
EndProject
Project("{FAE04EC0-301F-11D3-BF4B-00C04F79EFBC}") = "XK.WeiXin", "Core\XK.WeiXin\XK.WeiXin.csproj", "{3A4D0520-091C-4D9C-8094-C2C4725F1186}"
EndProject
Project("{FAE04EC0-301F-11D3-BF4B-00C04F79EFBC}") = "WebApp.WeiXin", "UI\WebApp.WeiXin\WebApp.WeiXin.csproj", "{C586F0D9-E9AB-4260-A33A-DC69EB1F58A9}"
EndProject
Project("{2150E333-8FDC-42A3-9474-1A3956D46DE8}") = "Repository", "Repository", "{B1DA0230-24D3-41EE-A85D-88ADF43D7642}"
EndProject
Project("{FAE04EC0-301F-11D3-BF4B-00C04F79EFBC}") = "Demo.Repository", "Repository\Demo.Repository\Demo.Repository.csproj", "{77B0E451-4FA7-47C9-9EF1-9B7AC78856A9}"
EndProject
Project("{FAE04EC0-301F-11D3-BF4B-00C04F79EFBC}") = "Demo.Common.Distributed.Session", "Common\Demo.Common.Distributed.Session\Demo.Common.Distributed.Session.csproj", "{E0C3AA2A-B496-4454-B430-D9D4CD606B94}"
EndProject
Project("{2150E333-8FDC-42A3-9474-1A3956D46DE8}") = "Windows", "Windows", "{FE4CDC80-52C7-403F-AA3B-3BD10D36FAB5}"
EndProject
Project("{2150E333-8FDC-42A3-9474-1A3956D46DE8}") = "Service", "Service", "{2A71FA5E-95EC-4132-AC5F-655A3059F1DA}"
EndProject
Project("{2150E333-8FDC-42A3-9474-1A3956D46DE8}") = "Tools", "Tools", "{3230C442-0AF3-425F-8EBE-A559F474E912}"
EndProject
Project("{FAE04EC0-301F-11D3-BF4B-00C04F79EFBC}") = "Tools.FormService", "Windows\Tools\JYZX.NanJingEdu.FormServ\Tools.FormService.csproj", "{B2DB2CE6-79BE-4729-88E6-4F590B540B1D}"
EndProject
Project("{FAE04EC0-301F-11D3-BF4B-00C04F79EFBC}") = "WindowsService.Demo", "Windows\Service\WindowsService.Demo\WindowsService.Demo.csproj", "{91924774-D31F-48EE-9747-F77A093E95CD}"
EndProject
Project("{FAE04EC0-301F-11D3-BF4B-00C04F79EFBC}") = "ConsoleApp.Service.Demo", "Windows\Service\ConsoleApp.Service.Demo\ConsoleApp.Service.Demo.csproj", "{2DCB632E-979D-46B0-921E-2DC8A8C0FC58}"
EndProject
Project("{FAE04EC0-301F-11D3-BF4B-00C04F79EFBC}") = "ConsoleApp.Service.Demo.Publish", "Windows\Service\ConsoleApp.Service.Demo.Publish\ConsoleApp.Service.Demo.Publish.csproj", "{800276F0-F51F-453C-9EEC-52652E7B6769}"
EndProject
Project("{2150E333-8FDC-42A3-9474-1A3956D46DE8}") = "Test", "Test", "{E7600F48-E9F6-421C-A13B-8EA621370C19}"
EndProject
Project("{FAE04EC0-301F-11D3-BF4B-00C04F79EFBC}") = "UnitTestProject1", "Test\UnitTestProject1\UnitTestProject1.csproj", "{196176BD-05D8-4497-A86E-B21861CDBC25}"
EndProject
Project("{FAE04EC0-301F-11D3-BF4B-00C04F79EFBC}") = "ConsoleApplication1", "ConsoleApplication1\ConsoleApplication1.csproj", "{48BC02E8-46F1-4184-AF47-8A1477F3EC80}"
EndProject
Global
	GlobalSection(SolutionConfigurationPlatforms) = preSolution
		Debug|Any CPU = Debug|Any CPU
		Release|Any CPU = Release|Any CPU
	EndGlobalSection
	GlobalSection(ProjectConfigurationPlatforms) = postSolution
		{92778E2F-8AB5-428E-AC8F-4235129A64BB}.Debug|Any CPU.ActiveCfg = Debug|Any CPU
		{92778E2F-8AB5-428E-AC8F-4235129A64BB}.Debug|Any CPU.Build.0 = Debug|Any CPU
		{92778E2F-8AB5-428E-AC8F-4235129A64BB}.Release|Any CPU.ActiveCfg = Release|Any CPU
		{92778E2F-8AB5-428E-AC8F-4235129A64BB}.Release|Any CPU.Build.0 = Release|Any CPU
		{2ABF016C-48A1-4497-B822-439D448F4C50}.Debug|Any CPU.ActiveCfg = Debug|Any CPU
		{2ABF016C-48A1-4497-B822-439D448F4C50}.Debug|Any CPU.Build.0 = Debug|Any CPU
		{2ABF016C-48A1-4497-B822-439D448F4C50}.Release|Any CPU.ActiveCfg = Release|Any CPU
		{2ABF016C-48A1-4497-B822-439D448F4C50}.Release|Any CPU.Build.0 = Release|Any CPU
		{42E198E6-CE7D-4D1A-A225-7AC049EDABB8}.Debug|Any CPU.ActiveCfg = Debug|Any CPU
		{42E198E6-CE7D-4D1A-A225-7AC049EDABB8}.Debug|Any CPU.Build.0 = Debug|Any CPU
		{42E198E6-CE7D-4D1A-A225-7AC049EDABB8}.Release|Any CPU.ActiveCfg = Release|Any CPU
		{42E198E6-CE7D-4D1A-A225-7AC049EDABB8}.Release|Any CPU.Build.0 = Release|Any CPU
		{C3BD0CF9-09AE-4789-9B89-B6CBACFDB564}.Debug|Any CPU.ActiveCfg = Debug|Any CPU
		{C3BD0CF9-09AE-4789-9B89-B6CBACFDB564}.Debug|Any CPU.Build.0 = Debug|Any CPU
		{C3BD0CF9-09AE-4789-9B89-B6CBACFDB564}.Release|Any CPU.ActiveCfg = Release|Any CPU
		{C3BD0CF9-09AE-4789-9B89-B6CBACFDB564}.Release|Any CPU.Build.0 = Release|Any CPU
		{9A1DC39E-0C62-4CEE-A64A-0F61DAA3B0CA}.Debug|Any CPU.ActiveCfg = Debug|Any CPU
		{9A1DC39E-0C62-4CEE-A64A-0F61DAA3B0CA}.Debug|Any CPU.Build.0 = Debug|Any CPU
		{9A1DC39E-0C62-4CEE-A64A-0F61DAA3B0CA}.Release|Any CPU.ActiveCfg = Release|Any CPU
		{9A1DC39E-0C62-4CEE-A64A-0F61DAA3B0CA}.Release|Any CPU.Build.0 = Release|Any CPU
		{87AD6039-F008-41EB-A081-1324F8FED9EB}.Debug|Any CPU.ActiveCfg = Debug|Any CPU
		{87AD6039-F008-41EB-A081-1324F8FED9EB}.Debug|Any CPU.Build.0 = Debug|Any CPU
		{87AD6039-F008-41EB-A081-1324F8FED9EB}.Release|Any CPU.ActiveCfg = Release|Any CPU
		{87AD6039-F008-41EB-A081-1324F8FED9EB}.Release|Any CPU.Build.0 = Release|Any CPU
		{09F40FDF-8BF5-4DCD-B463-D58CE97800E8}.Debug|Any CPU.ActiveCfg = Debug|Any CPU
		{09F40FDF-8BF5-4DCD-B463-D58CE97800E8}.Debug|Any CPU.Build.0 = Debug|Any CPU
		{09F40FDF-8BF5-4DCD-B463-D58CE97800E8}.Release|Any CPU.ActiveCfg = Release|Any CPU
		{09F40FDF-8BF5-4DCD-B463-D58CE97800E8}.Release|Any CPU.Build.0 = Release|Any CPU
		{4458E661-1AF6-45BD-9B1F-286478218669}.Debug|Any CPU.ActiveCfg = Debug|Any CPU
		{4458E661-1AF6-45BD-9B1F-286478218669}.Debug|Any CPU.Build.0 = Debug|Any CPU
		{4458E661-1AF6-45BD-9B1F-286478218669}.Release|Any CPU.ActiveCfg = Release|Any CPU
		{4458E661-1AF6-45BD-9B1F-286478218669}.Release|Any CPU.Build.0 = Release|Any CPU
		{7870EF34-F2A2-4761-A27B-9404853844C0}.Debug|Any CPU.ActiveCfg = Debug|Any CPU
		{7870EF34-F2A2-4761-A27B-9404853844C0}.Debug|Any CPU.Build.0 = Debug|Any CPU
		{7870EF34-F2A2-4761-A27B-9404853844C0}.Release|Any CPU.ActiveCfg = Release|Any CPU
		{7870EF34-F2A2-4761-A27B-9404853844C0}.Release|Any CPU.Build.0 = Release|Any CPU
		{543E4FD4-B3BA-40FA-BC34-0A9FC3D1747A}.Debug|Any CPU.ActiveCfg = Debug|Any CPU
		{543E4FD4-B3BA-40FA-BC34-0A9FC3D1747A}.Debug|Any CPU.Build.0 = Debug|Any CPU
		{543E4FD4-B3BA-40FA-BC34-0A9FC3D1747A}.Release|Any CPU.ActiveCfg = Release|Any CPU
		{543E4FD4-B3BA-40FA-BC34-0A9FC3D1747A}.Release|Any CPU.Build.0 = Release|Any CPU
		{3A4D0520-091C-4D9C-8094-C2C4725F1186}.Debug|Any CPU.ActiveCfg = Debug|Any CPU
		{3A4D0520-091C-4D9C-8094-C2C4725F1186}.Debug|Any CPU.Build.0 = Debug|Any CPU
		{3A4D0520-091C-4D9C-8094-C2C4725F1186}.Release|Any CPU.ActiveCfg = Release|Any CPU
		{3A4D0520-091C-4D9C-8094-C2C4725F1186}.Release|Any CPU.Build.0 = Release|Any CPU
		{C586F0D9-E9AB-4260-A33A-DC69EB1F58A9}.Debug|Any CPU.ActiveCfg = Debug|Any CPU
		{C586F0D9-E9AB-4260-A33A-DC69EB1F58A9}.Debug|Any CPU.Build.0 = Debug|Any CPU
		{C586F0D9-E9AB-4260-A33A-DC69EB1F58A9}.Release|Any CPU.ActiveCfg = Release|Any CPU
		{C586F0D9-E9AB-4260-A33A-DC69EB1F58A9}.Release|Any CPU.Build.0 = Release|Any CPU
		{77B0E451-4FA7-47C9-9EF1-9B7AC78856A9}.Debug|Any CPU.ActiveCfg = Debug|Any CPU
		{77B0E451-4FA7-47C9-9EF1-9B7AC78856A9}.Debug|Any CPU.Build.0 = Debug|Any CPU
		{77B0E451-4FA7-47C9-9EF1-9B7AC78856A9}.Release|Any CPU.ActiveCfg = Release|Any CPU
		{77B0E451-4FA7-47C9-9EF1-9B7AC78856A9}.Release|Any CPU.Build.0 = Release|Any CPU
		{E0C3AA2A-B496-4454-B430-D9D4CD606B94}.Debug|Any CPU.ActiveCfg = Debug|Any CPU
		{E0C3AA2A-B496-4454-B430-D9D4CD606B94}.Debug|Any CPU.Build.0 = Debug|Any CPU
		{E0C3AA2A-B496-4454-B430-D9D4CD606B94}.Release|Any CPU.ActiveCfg = Release|Any CPU
		{E0C3AA2A-B496-4454-B430-D9D4CD606B94}.Release|Any CPU.Build.0 = Release|Any CPU
		{B2DB2CE6-79BE-4729-88E6-4F590B540B1D}.Debug|Any CPU.ActiveCfg = Debug|Any CPU
		{B2DB2CE6-79BE-4729-88E6-4F590B540B1D}.Debug|Any CPU.Build.0 = Debug|Any CPU
		{B2DB2CE6-79BE-4729-88E6-4F590B540B1D}.Release|Any CPU.ActiveCfg = Release|Any CPU
		{B2DB2CE6-79BE-4729-88E6-4F590B540B1D}.Release|Any CPU.Build.0 = Release|Any CPU
		{91924774-D31F-48EE-9747-F77A093E95CD}.Debug|Any CPU.ActiveCfg = Debug|Any CPU
		{91924774-D31F-48EE-9747-F77A093E95CD}.Debug|Any CPU.Build.0 = Debug|Any CPU
		{91924774-D31F-48EE-9747-F77A093E95CD}.Release|Any CPU.ActiveCfg = Release|Any CPU
		{91924774-D31F-48EE-9747-F77A093E95CD}.Release|Any CPU.Build.0 = Release|Any CPU
		{2DCB632E-979D-46B0-921E-2DC8A8C0FC58}.Debug|Any CPU.ActiveCfg = Debug|Any CPU
		{2DCB632E-979D-46B0-921E-2DC8A8C0FC58}.Debug|Any CPU.Build.0 = Debug|Any CPU
		{2DCB632E-979D-46B0-921E-2DC8A8C0FC58}.Release|Any CPU.ActiveCfg = Release|Any CPU
		{2DCB632E-979D-46B0-921E-2DC8A8C0FC58}.Release|Any CPU.Build.0 = Release|Any CPU
		{800276F0-F51F-453C-9EEC-52652E7B6769}.Debug|Any CPU.ActiveCfg = Debug|Any CPU
		{800276F0-F51F-453C-9EEC-52652E7B6769}.Debug|Any CPU.Build.0 = Debug|Any CPU
		{800276F0-F51F-453C-9EEC-52652E7B6769}.Release|Any CPU.ActiveCfg = Release|Any CPU
		{800276F0-F51F-453C-9EEC-52652E7B6769}.Release|Any CPU.Build.0 = Release|Any CPU
		{196176BD-05D8-4497-A86E-B21861CDBC25}.Debug|Any CPU.ActiveCfg = Debug|Any CPU
		{196176BD-05D8-4497-A86E-B21861CDBC25}.Debug|Any CPU.Build.0 = Debug|Any CPU
		{196176BD-05D8-4497-A86E-B21861CDBC25}.Release|Any CPU.ActiveCfg = Release|Any CPU
		{196176BD-05D8-4497-A86E-B21861CDBC25}.Release|Any CPU.Build.0 = Release|Any CPU
		{48BC02E8-46F1-4184-AF47-8A1477F3EC80}.Debug|Any CPU.ActiveCfg = Debug|Any CPU
		{48BC02E8-46F1-4184-AF47-8A1477F3EC80}.Debug|Any CPU.Build.0 = Debug|Any CPU
		{48BC02E8-46F1-4184-AF47-8A1477F3EC80}.Release|Any CPU.ActiveCfg = Release|Any CPU
		{48BC02E8-46F1-4184-AF47-8A1477F3EC80}.Release|Any CPU.Build.0 = Release|Any CPU
	EndGlobalSection
	GlobalSection(SolutionProperties) = preSolution
		HideSolutionNode = FALSE
	EndGlobalSection
	GlobalSection(NestedProjects) = preSolution
		{92778E2F-8AB5-428E-AC8F-4235129A64BB} = {394961BF-31D7-4B5D-8BB3-020613685A51}
		{2ABF016C-48A1-4497-B822-439D448F4C50} = {394961BF-31D7-4B5D-8BB3-020613685A51}
		{42E198E6-CE7D-4D1A-A225-7AC049EDABB8} = {BE5A753C-0CBA-47F5-975D-F2BE4EDC1817}
		{C3BD0CF9-09AE-4789-9B89-B6CBACFDB564} = {661D623E-5AD3-405E-A02C-E91DA3C6CF56}
		{9A1DC39E-0C62-4CEE-A64A-0F61DAA3B0CA} = {AD7164E3-755D-4A1D-BBF5-FC01027D70EB}
		{87AD6039-F008-41EB-A081-1324F8FED9EB} = {AD7164E3-755D-4A1D-BBF5-FC01027D70EB}
		{09F40FDF-8BF5-4DCD-B463-D58CE97800E8} = {7DDB7076-54A3-4275-9311-A09E4DE6C4CE}
		{4458E661-1AF6-45BD-9B1F-286478218669} = {7DDB7076-54A3-4275-9311-A09E4DE6C4CE}
		{7870EF34-F2A2-4761-A27B-9404853844C0} = {BE5A753C-0CBA-47F5-975D-F2BE4EDC1817}
		{543E4FD4-B3BA-40FA-BC34-0A9FC3D1747A} = {AD7164E3-755D-4A1D-BBF5-FC01027D70EB}
		{3A4D0520-091C-4D9C-8094-C2C4725F1186} = {2A113D40-4863-4B07-A079-002AE7F44A0B}
		{C586F0D9-E9AB-4260-A33A-DC69EB1F58A9} = {7DDB7076-54A3-4275-9311-A09E4DE6C4CE}
		{77B0E451-4FA7-47C9-9EF1-9B7AC78856A9} = {B1DA0230-24D3-41EE-A85D-88ADF43D7642}
		{E0C3AA2A-B496-4454-B430-D9D4CD606B94} = {394961BF-31D7-4B5D-8BB3-020613685A51}
		{2A71FA5E-95EC-4132-AC5F-655A3059F1DA} = {FE4CDC80-52C7-403F-AA3B-3BD10D36FAB5}
		{3230C442-0AF3-425F-8EBE-A559F474E912} = {FE4CDC80-52C7-403F-AA3B-3BD10D36FAB5}
		{B2DB2CE6-79BE-4729-88E6-4F590B540B1D} = {3230C442-0AF3-425F-8EBE-A559F474E912}
		{91924774-D31F-48EE-9747-F77A093E95CD} = {2A71FA5E-95EC-4132-AC5F-655A3059F1DA}
		{2DCB632E-979D-46B0-921E-2DC8A8C0FC58} = {2A71FA5E-95EC-4132-AC5F-655A3059F1DA}
		{800276F0-F51F-453C-9EEC-52652E7B6769} = {2A71FA5E-95EC-4132-AC5F-655A3059F1DA}
		{196176BD-05D8-4497-A86E-B21861CDBC25} = {E7600F48-E9F6-421C-A13B-8EA621370C19}
		{48BC02E8-46F1-4184-AF47-8A1477F3EC80} = {7DDB7076-54A3-4275-9311-A09E4DE6C4CE}
	EndGlobalSection
EndGlobal
